// !$*UTF8*$!
{
	archiveVersion = 1;
	classes = {
	};
	objectVersion = 46;
	objects = {

/* Begin PBXFileReference section */
		F2664A16192CE01C0040E1E0 /* CHANGELOG.md */ = {isa = PBXFileReference; lastKnownFileType = text; path = CHANGELOG.md; sourceTree = "<group>"; };
		F2664A17192CE01C0040E1E0 /* Example */ = {isa = PBXFileReference; lastKnownFileType = folder; path = Example; sourceTree = "<group>"; };
		F2664A18192CE01C0040E1E0 /* LICENSE */ = {isa = PBXFileReference; lastKnownFileType = text; path = LICENSE; sourceTree = "<group>"; };
		F2664A19192CE01C0040E1E0 /* Rakefile */ = {isa = PBXFileReference; lastKnownFileType = text; path = Rakefile; sourceTree = "<group>"; };
		F2664A1A192CE01C0040E1E0 /* README.md */ = {isa = PBXFileReference; lastKnownFileType = text; path = README.md; sourceTree = "<group>"; };
		F2664A1B192CE01C0040E1E0 /* SmartSDK */ = {isa = PBXFileReference; lastKnownFileType = folder; path = SmartSDK; sourceTree = "<group>"; };
		F2664A1C192CE01C0040E1E0 /* SmartSDK.podspec */ = {isa = PBXFileReference; lastKnownFileType = text; path = SmartSDK.podspec; sourceTree = "<group>"; };
/* End PBXFileReference section */

/* Begin PBXGroup section */
		F2664A0F192CDFE10040E1E0 = {
			isa = PBXGroup;
			children = (
				F2664A16192CE01C0040E1E0 /* CHANGELOG.md */,
				F2664A17192CE01C0040E1E0 /* Example */,
				F2664A18192CE01C0040E1E0 /* LICENSE */,
				F2664A19192CE01C0040E1E0 /* Rakefile */,
				F2664A1A192CE01C0040E1E0 /* README.md */,
				F2664A1B192CE01C0040E1E0 /* SmartSDK */,
				F2664A1C192CE01C0040E1E0 /* SmartSDK.podspec */,
			);
			sourceTree = "<group>";
		};
/* End PBXGroup section */

/* Begin PBXProject section */
		F2664A10192CDFE10040E1E0 /* Project object */ = {
			isa = PBXProject;
			attributes = {
				LastUpgradeCheck = 0510;
			};
			buildConfigurationList = F2664A13192CDFE10040E1E0 /* Build configuration list for PBXProject "SmartSDKIOS" */;
			compatibilityVersion = "Xcode 3.2";
			developmentRegion = English;
			hasScannedForEncodings = 0;
			knownRegions = (
				en,
			);
			mainGroup = F2664A0F192CDFE10040E1E0;
			projectDirPath = "";
			projectRoot = "";
			targets = (
			);
		};
/* End PBXProject section */

/* Begin XCBuildConfiguration section */
		F2664A14192CDFE10040E1E0 /* Debug */ = {
			isa = XCBuildConfiguration;
			buildSettings = {
			};
			name = Debug;
		};
		F2664A15192CDFE10040E1E0 /* Release */ = {
			isa = XCBuildConfiguration;
			buildSettings = {
			};
			name = Release;
		};
/* End XCBuildConfiguration section */

/* Begin XCConfigurationList section */
		F2664A13192CDFE10040E1E0 /* Build configuration list for PBXProject "SmartSDKIOS" */ = {
			isa = XCConfigurationList;
			buildConfigurations = (
				F2664A14192CDFE10040E1E0 /* Debug */,
				F2664A15192CDFE10040E1E0 /* Release */,
			);
			defaultConfigurationIsVisible = 0;
			defaultConfigurationName = Release;
		};
/* End XCConfigurationList section */
	};
	rootObject = F2664A10192CDFE10040E1E0 /* Project object */;
}
